
Microsoft Visual Studio Solution File, Format Version 12.00
# Visual Studio 2013
VisualStudioVersion = 12.0.30501.0
MinimumVisualStudioVersion = 10.0.40219.1
Project("{FAE04EC0-301F-11D3-BF4B-00C04F79EFBC}") = "Wizard", "Wizard\Wizard.csproj", "{F3262382-3B8C-453B-BA20-4A4B0D3AA9FC}"
EndProject
Project("{FAE04EC0-301F-11D3-BF4B-00C04F79EFBC}") = "Wizard.Test", "Wizard.Test\Wizard.Test.csproj", "{515F3CB7-9257-40BC-B5C9-9CA116D016B4}"
EndProject
Project("{FAE04EC0-301F-11D3-BF4B-00C04F79EFBC}") = "Wizard.Test.Uitwerking", "Wizard.Test.Uitwerking\Wizard.Test.Uitwerking.csproj", "{5B6AD8D9-045E-487D-97F4-AF9F25DF5E5B}"
EndProject
Global
	GlobalSection(SolutionConfigurationPlatforms) = preSolution
		Debug|Any CPU = Debug|Any CPU
		Release|Any CPU = Release|Any CPU
	EndGlobalSection
	GlobalSection(ProjectConfigurationPlatforms) = postSolution
		{F3262382-3B8C-453B-BA20-4A4B0D3AA9FC}.Debug|Any CPU.ActiveCfg = Debug|Any CPU
		{F3262382-3B8C-453B-BA20-4A4B0D3AA9FC}.Debug|Any CPU.Build.0 = Debug|Any CPU
		{F3262382-3B8C-453B-BA20-4A4B0D3AA9FC}.Release|Any CPU.ActiveCfg = Release|Any CPU
		{F3262382-3B8C-453B-BA20-4A4B0D3AA9FC}.Release|Any CPU.Build.0 = Release|Any CPU
		{515F3CB7-9257-40BC-B5C9-9CA116D016B4}.Debug|Any CPU.ActiveCfg = Debug|Any CPU
		{515F3CB7-9257-40BC-B5C9-9CA116D016B4}.Debug|Any CPU.Build.0 = Debug|Any CPU
		{515F3CB7-9257-40BC-B5C9-9CA116D016B4}.Release|Any CPU.ActiveCfg = Release|Any CPU
		{515F3CB7-9257-40BC-B5C9-9CA116D016B4}.Release|Any CPU.Build.0 = Release|Any CPU
		{5B6AD8D9-045E-487D-97F4-AF9F25DF5E5B}.Debug|Any CPU.ActiveCfg = Debug|Any CPU
		{5B6AD8D9-045E-487D-97F4-AF9F25DF5E5B}.Debug|Any CPU.Build.0 = Debug|Any CPU
		{5B6AD8D9-045E-487D-97F4-AF9F25DF5E5B}.Release|Any CPU.ActiveCfg = Release|Any CPU
		{5B6AD8D9-045E-487D-97F4-AF9F25DF5E5B}.Release|Any CPU.Build.0 = Release|Any CPU
	EndGlobalSection
	GlobalSection(SolutionProperties) = preSolution
		HideSolutionNode = FALSE
	EndGlobalSection
EndGlobal
